
Microsoft Visual Studio Solution File, Format Version 12.00
# Visual Studio 15
VisualStudioVersion = 15.0.28307.271
MinimumVisualStudioVersion = 10.0.40219.1
Project("{E24C65DC-7377-472B-9ABA-BC803B73C61A}") = "WhatDoYouMemeSim", "WhatDoYouMemeSim\", "{03BF9948-91E0-4CA8-B1A0-B58CD0CACBC0}"
	ProjectSection(WebsiteProperties) = preProject
		TargetFrameworkMoniker = ".NETFramework,Version%3Dv4.6.1"
		Debug.AspNetCompiler.VirtualPath = "/localhost_63542"
		Debug.AspNetCompiler.PhysicalPath = "WhatDoYouMemeSim\"
		Debug.AspNetCompiler.TargetPath = "PrecompiledWeb\localhost_63542\"
		Debug.AspNetCompiler.Updateable = "true"
		Debug.AspNetCompiler.ForceOverwrite = "true"
		Debug.AspNetCompiler.FixedNames = "false"
		Debug.AspNetCompiler.Debug = "True"
		Release.AspNetCompiler.VirtualPath = "/localhost_63542"
		Release.AspNetCompiler.PhysicalPath = "WhatDoYouMemeSim\"
		Release.AspNetCompiler.TargetPath = "PrecompiledWeb\localhost_63542\"
		Release.AspNetCompiler.Updateable = "true"
		Release.AspNetCompiler.ForceOverwrite = "true"
		Release.AspNetCompiler.FixedNames = "false"
		Release.AspNetCompiler.Debug = "False"
		VWDPort = "63542"
		SlnRelativePath = "WhatDoYouMemeSim\"
		DefaultWebSiteLanguage = "Visual C#"
	EndProjectSection
EndProject
Global
	GlobalSection(SolutionConfigurationPlatforms) = preSolution
		Debug|Any CPU = Debug|Any CPU
	EndGlobalSection
	GlobalSection(ProjectConfigurationPlatforms) = postSolution
		{03BF9948-91E0-4CA8-B1A0-B58CD0CACBC0}.Debug|Any CPU.ActiveCfg = Debug|Any CPU
		{03BF9948-91E0-4CA8-B1A0-B58CD0CACBC0}.Debug|Any CPU.Build.0 = Debug|Any CPU
	EndGlobalSection
	GlobalSection(SolutionProperties) = preSolution
		HideSolutionNode = FALSE
	EndGlobalSection
	GlobalSection(ExtensibilityGlobals) = postSolution
		SolutionGuid = {E14FE1EB-ADDF-4C2D-8EFA-A2AC6E0CFC3A}
	EndGlobalSection
EndGlobal
